{
  "object": {
    "pins": [
      {
        "package": "KeychainAccess",
        "repositoryURL": "https://github.com/kishikawakatsumi/KeychainAccess",
        "state": {
          "branch": null,
          "revision": "84e546727d66f1adc5439debad16270d0fdd04e7",
          "version": "4.2.2"
        }
      },
      {
        "package": "NeedleFoundation",
        "repositoryURL": "https://github.com/uber/needle.git",
        "state": {
          "branch": null,
          "revision": "6a2d5e25cd3c77ddfa57835e991469db791c4744",
          "version": "0.17.2"
        }
      },
      {
        "package": "Realm",
        "repositoryURL": "https://github.com/realm/realm-cocoa",
        "state": {
          "branch": null,
          "revision": "e83cc9f28e8bccd477b6b81cee521c02239d2773",
          "version": "10.20.2"
        }
      },
      {
        "package": "RealmDatabase",
        "repositoryURL": "https://github.com/realm/realm-core",
        "state": {
          "branch": null,
          "revision": "c3c11a841642ac93c27bd1edd61f989fc0bfb809",
          "version": "11.6.1"
        }
      },
      {
        "package": "TinyConstraints",
        "repositoryURL": "https://github.com/roberthein/TinyConstraints.git",
        "state": {
          "branch": null,
          "revision": "3262e5c591d4ab6272255df2087a01bbebd138dc",
          "version": "4.0.2"
        }
      }
    ]
  },
  "version": 1
}
